
Microsoft Visual Studio Solution File, Format Version 12.00
# Visual Studio Version 16
VisualStudioVersion = 16.0.32126.315
MinimumVisualStudioVersion = 10.0.40219.1
Project("{FAE04EC0-301F-11D3-BF4B-00C04F79EFBC}") = "taler_ejerc01", "taler_ejerc01.csproj", "{49BB9089-B72A-41AE-B19B-90E9253DEF23}"
EndProject
Global
	GlobalSection(SolutionConfigurationPlatforms) = preSolution
		Debug|Any CPU = Debug|Any CPU
		Release|Any CPU = Release|Any CPU
	EndGlobalSection
	GlobalSection(ProjectConfigurationPlatforms) = postSolution
		{49BB9089-B72A-41AE-B19B-90E9253DEF23}.Debug|Any CPU.ActiveCfg = Debug|Any CPU
		{49BB9089-B72A-41AE-B19B-90E9253DEF23}.Debug|Any CPU.Build.0 = Debug|Any CPU
		{49BB9089-B72A-41AE-B19B-90E9253DEF23}.Release|Any CPU.ActiveCfg = Release|Any CPU
		{49BB9089-B72A-41AE-B19B-90E9253DEF23}.Release|Any CPU.Build.0 = Release|Any CPU
	EndGlobalSection
	GlobalSection(SolutionProperties) = preSolution
		HideSolutionNode = FALSE
	EndGlobalSection
	GlobalSection(ExtensibilityGlobals) = postSolution
		SolutionGuid = {53E880E3-814B-4E2A-8112-94B5D1DDEA73}
	EndGlobalSection
EndGlobal
